
Microsoft Visual Studio Solution File, Format Version 12.00
# Visual Studio Version 16
VisualStudioVersion = 16.0.30224.193
MinimumVisualStudioVersion = 10.0.40219.1
Project("{FAE04EC0-301F-11D3-BF4B-00C04F79EFBC}") = "whisper-transcriber-cli", "src\WhisperTranscriberCLI.Cli\whisper-transcriber-cli.csproj", "{A1B2C3D4-E5F6-7890-ABCD-EF1234567890}"
EndProject
Project("{FAE04EC0-301F-11D3-BF4B-00C04F79EFBC}") = "WhisperTranscriberCLI.Core", "src\WhisperTranscriberCLI.Core\WhisperTranscriberCLI.Core.csproj", "{B2C3D4E5-F6A7-8901-BCDE-F23456789012}"
EndProject
Project("{FAE04EC0-301F-11D3-BF4B-00C04F79EFBC}") = "WhisperTranscriberCLI.TaskUI", "src\WhisperTranscriberCLI.TaskUI\WhisperTranscriberCLI.TaskUI.csproj", "{C3D4E5F6-A7B8-9012-CDEF-345678901234}"
EndProject
Project("{2150E333-8FDC-42A3-9474-1A3956D46DE8}") = "tests", "tests", "{0AB3BF05-4346-4AA6-1389-037BE0695223}"
EndProject
Project("{FAE04EC0-301F-11D3-BF4B-00C04F79EFBC}") = "whisper-transcriber-cli.Tests", "tests\whisper-transcriber-cli.Tests.csproj", "{90F2B2FC-C65F-43F5-BFC8-18885E03A61A}"
EndProject
Project("{FAE04EC0-301F-11D3-BF4B-00C04F79EFBC}") = "WhisperTranscriberCLI.Core.Tests", "tests\WhisperTranscriberCLI.Core.Tests\WhisperTranscriberCLI.Core.Tests.csproj", "{B8F1A5C2-8E9D-4A7B-9F6C-3D4E5F6A7B8C}"
EndProject
Global
	GlobalSection(SolutionConfigurationPlatforms) = preSolution
		Debug|Any CPU = Debug|Any CPU
		Debug|x64 = Debug|x64
		Debug|x86 = Debug|x86
		Release|Any CPU = Release|Any CPU
		Release|x64 = Release|x64
		Release|x86 = Release|x86
	EndGlobalSection
	GlobalSection(ProjectConfigurationPlatforms) = postSolution
		{A1B2C3D4-E5F6-7890-ABCD-EF1234567890}.Debug|Any CPU.ActiveCfg = Debug|Any CPU
		{A1B2C3D4-E5F6-7890-ABCD-EF1234567890}.Debug|Any CPU.Build.0 = Debug|Any CPU
		{A1B2C3D4-E5F6-7890-ABCD-EF1234567890}.Debug|x64.ActiveCfg = Debug|Any CPU
		{A1B2C3D4-E5F6-7890-ABCD-EF1234567890}.Debug|x64.Build.0 = Debug|Any CPU
		{A1B2C3D4-E5F6-7890-ABCD-EF1234567890}.Debug|x86.ActiveCfg = Debug|Any CPU
		{A1B2C3D4-E5F6-7890-ABCD-EF1234567890}.Debug|x86.Build.0 = Debug|Any CPU
		{A1B2C3D4-E5F6-7890-ABCD-EF1234567890}.Release|Any CPU.ActiveCfg = Release|Any CPU
		{A1B2C3D4-E5F6-7890-ABCD-EF1234567890}.Release|Any CPU.Build.0 = Release|Any CPU
		{A1B2C3D4-E5F6-7890-ABCD-EF1234567890}.Release|x64.ActiveCfg = Release|Any CPU
		{A1B2C3D4-E5F6-7890-ABCD-EF1234567890}.Release|x64.Build.0 = Release|Any CPU
		{A1B2C3D4-E5F6-7890-ABCD-EF1234567890}.Release|x86.ActiveCfg = Release|Any CPU
		{A1B2C3D4-E5F6-7890-ABCD-EF1234567890}.Release|x86.Build.0 = Release|Any CPU
		{B2C3D4E5-F6A7-8901-BCDE-F23456789012}.Debug|Any CPU.ActiveCfg = Debug|Any CPU
		{B2C3D4E5-F6A7-8901-BCDE-F23456789012}.Debug|Any CPU.Build.0 = Debug|Any CPU
		{B2C3D4E5-F6A7-8901-BCDE-F23456789012}.Debug|x64.ActiveCfg = Debug|Any CPU
		{B2C3D4E5-F6A7-8901-BCDE-F23456789012}.Debug|x64.Build.0 = Debug|Any CPU
		{B2C3D4E5-F6A7-8901-BCDE-F23456789012}.Debug|x86.ActiveCfg = Debug|Any CPU
		{B2C3D4E5-F6A7-8901-BCDE-F23456789012}.Debug|x86.Build.0 = Debug|Any CPU
		{B2C3D4E5-F6A7-8901-BCDE-F23456789012}.Release|Any CPU.ActiveCfg = Release|Any CPU
		{B2C3D4E5-F6A7-8901-BCDE-F23456789012}.Release|Any CPU.Build.0 = Release|Any CPU
		{B2C3D4E5-F6A7-8901-BCDE-F23456789012}.Release|x64.ActiveCfg = Release|Any CPU
		{B2C3D4E5-F6A7-8901-BCDE-F23456789012}.Release|x64.Build.0 = Release|Any CPU
		{B2C3D4E5-F6A7-8901-BCDE-F23456789012}.Release|x86.ActiveCfg = Release|Any CPU
		{B2C3D4E5-F6A7-8901-BCDE-F23456789012}.Release|x86.Build.0 = Release|Any CPU
		{C3D4E5F6-A7B8-9012-CDEF-345678901234}.Debug|Any CPU.ActiveCfg = Debug|x64
		{C3D4E5F6-A7B8-9012-CDEF-345678901234}.Debug|Any CPU.Build.0 = Debug|x64
		{C3D4E5F6-A7B8-9012-CDEF-345678901234}.Debug|x64.ActiveCfg = Debug|x64
		{C3D4E5F6-A7B8-9012-CDEF-345678901234}.Debug|x64.Build.0 = Debug|x64
		{C3D4E5F6-A7B8-9012-CDEF-345678901234}.Debug|x86.ActiveCfg = Debug|x86
		{C3D4E5F6-A7B8-9012-CDEF-345678901234}.Debug|x86.Build.0 = Debug|x86
		{C3D4E5F6-A7B8-9012-CDEF-345678901234}.Release|Any CPU.ActiveCfg = Release|x64
		{C3D4E5F6-A7B8-9012-CDEF-345678901234}.Release|Any CPU.Build.0 = Release|x64
		{C3D4E5F6-A7B8-9012-CDEF-345678901234}.Release|x64.ActiveCfg = Release|x64
		{C3D4E5F6-A7B8-9012-CDEF-345678901234}.Release|x64.Build.0 = Release|x64
		{C3D4E5F6-A7B8-9012-CDEF-345678901234}.Release|x86.ActiveCfg = Release|x86
		{C3D4E5F6-A7B8-9012-CDEF-345678901234}.Release|x86.Build.0 = Release|x86
		{90F2B2FC-C65F-43F5-BFC8-18885E03A61A}.Debug|Any CPU.ActiveCfg = Debug|Any CPU
		{90F2B2FC-C65F-43F5-BFC8-18885E03A61A}.Debug|Any CPU.Build.0 = Debug|Any CPU
		{90F2B2FC-C65F-43F5-BFC8-18885E03A61A}.Debug|x64.ActiveCfg = Debug|Any CPU
		{90F2B2FC-C65F-43F5-BFC8-18885E03A61A}.Debug|x64.Build.0 = Debug|Any CPU
		{90F2B2FC-C65F-43F5-BFC8-18885E03A61A}.Debug|x86.ActiveCfg = Debug|Any CPU
		{90F2B2FC-C65F-43F5-BFC8-18885E03A61A}.Debug|x86.Build.0 = Debug|Any CPU
		{90F2B2FC-C65F-43F5-BFC8-18885E03A61A}.Release|Any CPU.ActiveCfg = Release|Any CPU
		{90F2B2FC-C65F-43F5-BFC8-18885E03A61A}.Release|Any CPU.Build.0 = Release|Any CPU
		{90F2B2FC-C65F-43F5-BFC8-18885E03A61A}.Release|x64.ActiveCfg = Release|Any CPU
		{90F2B2FC-C65F-43F5-BFC8-18885E03A61A}.Release|x64.Build.0 = Release|Any CPU
		{90F2B2FC-C65F-43F5-BFC8-18885E03A61A}.Release|x86.ActiveCfg = Release|Any CPU
		{90F2B2FC-C65F-43F5-BFC8-18885E03A61A}.Release|x86.Build.0 = Release|Any CPU
		{B8F1A5C2-8E9D-4A7B-9F6C-3D4E5F6A7B8C}.Debug|Any CPU.ActiveCfg = Debug|Any CPU
		{B8F1A5C2-8E9D-4A7B-9F6C-3D4E5F6A7B8C}.Debug|Any CPU.Build.0 = Debug|Any CPU
		{B8F1A5C2-8E9D-4A7B-9F6C-3D4E5F6A7B8C}.Debug|x64.ActiveCfg = Debug|Any CPU
		{B8F1A5C2-8E9D-4A7B-9F6C-3D4E5F6A7B8C}.Debug|x64.Build.0 = Debug|Any CPU
		{B8F1A5C2-8E9D-4A7B-9F6C-3D4E5F6A7B8C}.Debug|x86.ActiveCfg = Debug|Any CPU
		{B8F1A5C2-8E9D-4A7B-9F6C-3D4E5F6A7B8C}.Debug|x86.Build.0 = Debug|Any CPU
		{B8F1A5C2-8E9D-4A7B-9F6C-3D4E5F6A7B8C}.Release|Any CPU.ActiveCfg = Release|Any CPU
		{B8F1A5C2-8E9D-4A7B-9F6C-3D4E5F6A7B8C}.Release|Any CPU.Build.0 = Release|Any CPU
		{B8F1A5C2-8E9D-4A7B-9F6C-3D4E5F6A7B8C}.Release|x64.ActiveCfg = Release|Any CPU
		{B8F1A5C2-8E9D-4A7B-9F6C-3D4E5F6A7B8C}.Release|x64.Build.0 = Release|Any CPU
		{B8F1A5C2-8E9D-4A7B-9F6C-3D4E5F6A7B8C}.Release|x86.ActiveCfg = Release|Any CPU
		{B8F1A5C2-8E9D-4A7B-9F6C-3D4E5F6A7B8C}.Release|x86.Build.0 = Release|Any CPU
	EndGlobalSection
	GlobalSection(SolutionProperties) = preSolution
		HideSolutionNode = FALSE
	EndGlobalSection
	GlobalSection(NestedProjects) = preSolution
		{90F2B2FC-C65F-43F5-BFC8-18885E03A61A} = {0AB3BF05-4346-4AA6-1389-037BE0695223}
		{B8F1A5C2-8E9D-4A7B-9F6C-3D4E5F6A7B8C} = {0AB3BF05-4346-4AA6-1389-037BE0695223}
	EndGlobalSection
EndGlobal
